{
  "name": "npm-service",
  "version": "1.0.0",
  "lockfileVersion": 1,
  "requires": true,
  "dependencies": {
    "@types/node": {
      "version": "13.13.5",
      "resolved": "http://nexus.sheincorp.cn:4873/@types%2fnode/-/node-13.13.5.tgz",
      "integrity": "sha1-luw7Cvr9ZKTM6pEHt1v4SJ8OV2U=",
      "dev": true
    }
  }
}
